
Microsoft Visual Studio Solution File, Format Version 12.00
# Visual Studio Version 17
VisualStudioVersion = 17.11.35312.102
MinimumVisualStudioVersion = 10.0.40219.1
Project("{FAE04EC0-301F-11D3-BF4B-00C04F79EFBC}") = "p13goto", "p13goto\p13goto.csproj", "{42E4F95E-0515-4D77-8FD6-F9704D88E09C}"
EndProject
Global
	GlobalSection(SolutionConfigurationPlatforms) = preSolution
		Debug|Any CPU = Debug|Any CPU
		Release|Any CPU = Release|Any CPU
	EndGlobalSection
	GlobalSection(ProjectConfigurationPlatforms) = postSolution
		{42E4F95E-0515-4D77-8FD6-F9704D88E09C}.Debug|Any CPU.ActiveCfg = Debug|Any CPU
		{42E4F95E-0515-4D77-8FD6-F9704D88E09C}.Debug|Any CPU.Build.0 = Debug|Any CPU
		{42E4F95E-0515-4D77-8FD6-F9704D88E09C}.Release|Any CPU.ActiveCfg = Release|Any CPU
		{42E4F95E-0515-4D77-8FD6-F9704D88E09C}.Release|Any CPU.Build.0 = Release|Any CPU
	EndGlobalSection
	GlobalSection(SolutionProperties) = preSolution
		HideSolutionNode = FALSE
	EndGlobalSection
	GlobalSection(ExtensibilityGlobals) = postSolution
		SolutionGuid = {21042E70-40A8-413D-A1F9-51DED57AA519}
	EndGlobalSection
EndGlobal
